
Microsoft Visual Studio Solution File, Format Version 12.00
# Visual Studio 15
VisualStudioVersion = 15.0.28010.0
MinimumVisualStudioVersion = 10.0.40219.1
Project("{FAE04EC0-301F-11D3-BF4B-00C04F79EFBC}") = "BookShop0310.Data", "BookShop0310.Data\BookShop0310.Data.csproj", "{C17FB290-7248-4972-8E7F-6CC07F790902}"
EndProject
Project("{FAE04EC0-301F-11D3-BF4B-00C04F79EFBC}") = "BookShop0310.Common", "BookShop0310.Common\BookShop0310.Common.csproj", "{6ABBB3A9-CA0B-4C5B-B48D-FC11BFB33C9C}"
EndProject
Project("{FAE04EC0-301F-11D3-BF4B-00C04F79EFBC}") = "BookShop0310.Services", "BookShop0310.Services\BookShop0310.Services.csproj", "{87803C8E-E0A8-4DC0-A92C-85EA82D950F1}"
EndProject
Project("{FAE04EC0-301F-11D3-BF4B-00C04F79EFBC}") = "BookShop0310.Api", "BookShop0310.Api\BookShop0310.Api.csproj", "{C5FBBCD7-723D-435E-B559-6DAEC2673F9A}"
EndProject
Global
	GlobalSection(SolutionConfigurationPlatforms) = preSolution
		Debug|Any CPU = Debug|Any CPU
		Release|Any CPU = Release|Any CPU
	EndGlobalSection
	GlobalSection(ProjectConfigurationPlatforms) = postSolution
		{C17FB290-7248-4972-8E7F-6CC07F790902}.Debug|Any CPU.ActiveCfg = Debug|Any CPU
		{C17FB290-7248-4972-8E7F-6CC07F790902}.Debug|Any CPU.Build.0 = Debug|Any CPU
		{C17FB290-7248-4972-8E7F-6CC07F790902}.Release|Any CPU.ActiveCfg = Release|Any CPU
		{C17FB290-7248-4972-8E7F-6CC07F790902}.Release|Any CPU.Build.0 = Release|Any CPU
		{6ABBB3A9-CA0B-4C5B-B48D-FC11BFB33C9C}.Debug|Any CPU.ActiveCfg = Debug|Any CPU
		{6ABBB3A9-CA0B-4C5B-B48D-FC11BFB33C9C}.Debug|Any CPU.Build.0 = Debug|Any CPU
		{6ABBB3A9-CA0B-4C5B-B48D-FC11BFB33C9C}.Release|Any CPU.ActiveCfg = Release|Any CPU
		{6ABBB3A9-CA0B-4C5B-B48D-FC11BFB33C9C}.Release|Any CPU.Build.0 = Release|Any CPU
		{87803C8E-E0A8-4DC0-A92C-85EA82D950F1}.Debug|Any CPU.ActiveCfg = Debug|Any CPU
		{87803C8E-E0A8-4DC0-A92C-85EA82D950F1}.Debug|Any CPU.Build.0 = Debug|Any CPU
		{87803C8E-E0A8-4DC0-A92C-85EA82D950F1}.Release|Any CPU.ActiveCfg = Release|Any CPU
		{87803C8E-E0A8-4DC0-A92C-85EA82D950F1}.Release|Any CPU.Build.0 = Release|Any CPU
		{C5FBBCD7-723D-435E-B559-6DAEC2673F9A}.Debug|Any CPU.ActiveCfg = Debug|Any CPU
		{C5FBBCD7-723D-435E-B559-6DAEC2673F9A}.Debug|Any CPU.Build.0 = Debug|Any CPU
		{C5FBBCD7-723D-435E-B559-6DAEC2673F9A}.Release|Any CPU.ActiveCfg = Release|Any CPU
		{C5FBBCD7-723D-435E-B559-6DAEC2673F9A}.Release|Any CPU.Build.0 = Release|Any CPU
	EndGlobalSection
	GlobalSection(SolutionProperties) = preSolution
		HideSolutionNode = FALSE
	EndGlobalSection
	GlobalSection(ExtensibilityGlobals) = postSolution
		SolutionGuid = {935A4233-197C-4CA8-90D7-57C59E60F03E}
	EndGlobalSection
EndGlobal
